
Microsoft Visual Studio Solution File, Format Version 12.00
# Visual Studio Version 17
VisualStudioVersion = 17.0.32126.317
MinimumVisualStudioVersion = 10.0.40219.1
Project("{9A19103F-16F7-4668-BE54-9A1E7A4F7556}") = "TangyWeb_Server", "TangyWeb_Server\TangyWeb_Server.csproj", "{00403ED2-7FBD-4651-A71F-C266673E6469}"
EndProject
Project("{9A19103F-16F7-4668-BE54-9A1E7A4F7556}") = "TangyWeb_Client", "TangyWeb_Client\TangyWeb_Client.csproj", "{344C027D-BE70-440B-B7A6-EFBAB7363140}"
EndProject
Project("{9A19103F-16F7-4668-BE54-9A1E7A4F7556}") = "Tangy_Models", "Tangy_Models\Tangy_Models.csproj", "{711C6F6D-31F1-466F-881C-DE2E384EFE9F}"
EndProject
Project("{9A19103F-16F7-4668-BE54-9A1E7A4F7556}") = "Tangy_Business", "Tangy_Business\Tangy_Business.csproj", "{FFF09455-8EC8-422B-9FDD-A95B804F9578}"
EndProject
Project("{9A19103F-16F7-4668-BE54-9A1E7A4F7556}") = "Tangy_Common", "Tangy_Common\Tangy_Common.csproj", "{C0B14450-CD21-4FB0-B0DE-AF329A6C1E90}"
EndProject
Project("{9A19103F-16F7-4668-BE54-9A1E7A4F7556}") = "Tangy_DataAccess", "Tangy_DataAccess\Tangy_DataAccess.csproj", "{613C610F-A877-4B60-BC26-080B06968FCF}"
EndProject
Project("{FAE04EC0-301F-11D3-BF4B-00C04F79EFBC}") = "TangyWeb_API", "TangyWeb_API\TangyWeb_API.csproj", "{63AFFA01-CFB7-42CB-9F3C-EE29D4ADC3E6}"
EndProject
Global
	GlobalSection(SolutionConfigurationPlatforms) = preSolution
		Debug|Any CPU = Debug|Any CPU
		Release|Any CPU = Release|Any CPU
	EndGlobalSection
	GlobalSection(ProjectConfigurationPlatforms) = postSolution
		{00403ED2-7FBD-4651-A71F-C266673E6469}.Debug|Any CPU.ActiveCfg = Debug|Any CPU
		{00403ED2-7FBD-4651-A71F-C266673E6469}.Debug|Any CPU.Build.0 = Debug|Any CPU
		{00403ED2-7FBD-4651-A71F-C266673E6469}.Release|Any CPU.ActiveCfg = Release|Any CPU
		{00403ED2-7FBD-4651-A71F-C266673E6469}.Release|Any CPU.Build.0 = Release|Any CPU
		{344C027D-BE70-440B-B7A6-EFBAB7363140}.Debug|Any CPU.ActiveCfg = Debug|Any CPU
		{344C027D-BE70-440B-B7A6-EFBAB7363140}.Debug|Any CPU.Build.0 = Debug|Any CPU
		{344C027D-BE70-440B-B7A6-EFBAB7363140}.Release|Any CPU.ActiveCfg = Release|Any CPU
		{344C027D-BE70-440B-B7A6-EFBAB7363140}.Release|Any CPU.Build.0 = Release|Any CPU
		{711C6F6D-31F1-466F-881C-DE2E384EFE9F}.Debug|Any CPU.ActiveCfg = Debug|Any CPU
		{711C6F6D-31F1-466F-881C-DE2E384EFE9F}.Debug|Any CPU.Build.0 = Debug|Any CPU
		{711C6F6D-31F1-466F-881C-DE2E384EFE9F}.Release|Any CPU.ActiveCfg = Release|Any CPU
		{711C6F6D-31F1-466F-881C-DE2E384EFE9F}.Release|Any CPU.Build.0 = Release|Any CPU
		{FFF09455-8EC8-422B-9FDD-A95B804F9578}.Debug|Any CPU.ActiveCfg = Debug|Any CPU
		{FFF09455-8EC8-422B-9FDD-A95B804F9578}.Debug|Any CPU.Build.0 = Debug|Any CPU
		{FFF09455-8EC8-422B-9FDD-A95B804F9578}.Release|Any CPU.ActiveCfg = Release|Any CPU
		{FFF09455-8EC8-422B-9FDD-A95B804F9578}.Release|Any CPU.Build.0 = Release|Any CPU
		{C0B14450-CD21-4FB0-B0DE-AF329A6C1E90}.Debug|Any CPU.ActiveCfg = Debug|Any CPU
		{C0B14450-CD21-4FB0-B0DE-AF329A6C1E90}.Debug|Any CPU.Build.0 = Debug|Any CPU
		{C0B14450-CD21-4FB0-B0DE-AF329A6C1E90}.Release|Any CPU.ActiveCfg = Release|Any CPU
		{C0B14450-CD21-4FB0-B0DE-AF329A6C1E90}.Release|Any CPU.Build.0 = Release|Any CPU
		{613C610F-A877-4B60-BC26-080B06968FCF}.Debug|Any CPU.ActiveCfg = Debug|Any CPU
		{613C610F-A877-4B60-BC26-080B06968FCF}.Debug|Any CPU.Build.0 = Debug|Any CPU
		{613C610F-A877-4B60-BC26-080B06968FCF}.Release|Any CPU.ActiveCfg = Release|Any CPU
		{613C610F-A877-4B60-BC26-080B06968FCF}.Release|Any CPU.Build.0 = Release|Any CPU
		{63AFFA01-CFB7-42CB-9F3C-EE29D4ADC3E6}.Debug|Any CPU.ActiveCfg = Debug|Any CPU
		{63AFFA01-CFB7-42CB-9F3C-EE29D4ADC3E6}.Debug|Any CPU.Build.0 = Debug|Any CPU
		{63AFFA01-CFB7-42CB-9F3C-EE29D4ADC3E6}.Release|Any CPU.ActiveCfg = Release|Any CPU
		{63AFFA01-CFB7-42CB-9F3C-EE29D4ADC3E6}.Release|Any CPU.Build.0 = Release|Any CPU
	EndGlobalSection
	GlobalSection(SolutionProperties) = preSolution
		HideSolutionNode = FALSE
	EndGlobalSection
	GlobalSection(ExtensibilityGlobals) = postSolution
		SolutionGuid = {A255ADEA-2247-4C35-940C-82F0F4133B78}
	EndGlobalSection
EndGlobal
